
Microsoft Visual Studio Solution File, Format Version 12.00
# Visual Studio Version 17
VisualStudioVersion = 17.8.34330.188
MinimumVisualStudioVersion = 10.0.40219.1
Project("{FAE04EC0-301F-11D3-BF4B-00C04F79EFBC}") = "Grupparbete-Api", "Grupparbete-Api\Grupparbete-Api.csproj", "{A95E7DB5-1399-44B7-8EA9-E6FC29D61A05}"
EndProject
Project("{FAE04EC0-301F-11D3-BF4B-00C04F79EFBC}") = "Application", "Application\Application.csproj", "{6D09EDC5-131D-4E38-9E49-D8688AB8B58C}"
EndProject
Project("{FAE04EC0-301F-11D3-BF4B-00C04F79EFBC}") = "Domain", "Domain\Domain.csproj", "{07FA44E0-946A-4C8D-ACE4-782DE45C9F0E}"
EndProject
Project("{FAE04EC0-301F-11D3-BF4B-00C04F79EFBC}") = "Infrastructure", "Infrastructure\Infrastructure.csproj", "{BF1F967F-7A7C-4FD3-95CC-C49EB4F18F1A}"
EndProject
Project("{FAE04EC0-301F-11D3-BF4B-00C04F79EFBC}") = "Test", "Test\Test.csproj", "{7E3A499D-7200-4FB7-B866-5CF6486F4870}"
EndProject
Global
	GlobalSection(SolutionConfigurationPlatforms) = preSolution
		Debug|Any CPU = Debug|Any CPU
		Release|Any CPU = Release|Any CPU
	EndGlobalSection
	GlobalSection(ProjectConfigurationPlatforms) = postSolution
		{A95E7DB5-1399-44B7-8EA9-E6FC29D61A05}.Debug|Any CPU.ActiveCfg = Debug|Any CPU
		{A95E7DB5-1399-44B7-8EA9-E6FC29D61A05}.Debug|Any CPU.Build.0 = Debug|Any CPU
		{A95E7DB5-1399-44B7-8EA9-E6FC29D61A05}.Release|Any CPU.ActiveCfg = Release|Any CPU
		{A95E7DB5-1399-44B7-8EA9-E6FC29D61A05}.Release|Any CPU.Build.0 = Release|Any CPU
		{6D09EDC5-131D-4E38-9E49-D8688AB8B58C}.Debug|Any CPU.ActiveCfg = Debug|Any CPU
		{6D09EDC5-131D-4E38-9E49-D8688AB8B58C}.Debug|Any CPU.Build.0 = Debug|Any CPU
		{6D09EDC5-131D-4E38-9E49-D8688AB8B58C}.Release|Any CPU.ActiveCfg = Release|Any CPU
		{6D09EDC5-131D-4E38-9E49-D8688AB8B58C}.Release|Any CPU.Build.0 = Release|Any CPU
		{07FA44E0-946A-4C8D-ACE4-782DE45C9F0E}.Debug|Any CPU.ActiveCfg = Debug|Any CPU
		{07FA44E0-946A-4C8D-ACE4-782DE45C9F0E}.Debug|Any CPU.Build.0 = Debug|Any CPU
		{07FA44E0-946A-4C8D-ACE4-782DE45C9F0E}.Release|Any CPU.ActiveCfg = Release|Any CPU
		{07FA44E0-946A-4C8D-ACE4-782DE45C9F0E}.Release|Any CPU.Build.0 = Release|Any CPU
		{BF1F967F-7A7C-4FD3-95CC-C49EB4F18F1A}.Debug|Any CPU.ActiveCfg = Debug|Any CPU
		{BF1F967F-7A7C-4FD3-95CC-C49EB4F18F1A}.Debug|Any CPU.Build.0 = Debug|Any CPU
		{BF1F967F-7A7C-4FD3-95CC-C49EB4F18F1A}.Release|Any CPU.ActiveCfg = Release|Any CPU
		{BF1F967F-7A7C-4FD3-95CC-C49EB4F18F1A}.Release|Any CPU.Build.0 = Release|Any CPU
		{7E3A499D-7200-4FB7-B866-5CF6486F4870}.Debug|Any CPU.ActiveCfg = Debug|Any CPU
		{7E3A499D-7200-4FB7-B866-5CF6486F4870}.Debug|Any CPU.Build.0 = Debug|Any CPU
		{7E3A499D-7200-4FB7-B866-5CF6486F4870}.Release|Any CPU.ActiveCfg = Release|Any CPU
		{7E3A499D-7200-4FB7-B866-5CF6486F4870}.Release|Any CPU.Build.0 = Release|Any CPU
	EndGlobalSection
	GlobalSection(SolutionProperties) = preSolution
		HideSolutionNode = FALSE
	EndGlobalSection
	GlobalSection(ExtensibilityGlobals) = postSolution
		SolutionGuid = {18443E0F-392D-4514-BAC7-09B76C26A901}
	EndGlobalSection
EndGlobal
